
Microsoft Visual Studio Solution File, Format Version 12.00
# Visual Studio Version 17
VisualStudioVersion = 17.8.34511.84
MinimumVisualStudioVersion = 10.0.40219.1
Project("{FAE04EC0-301F-11D3-BF4B-00C04F79EFBC}") = "Saavadmyofos_Menejmenti", "Saavadmyofos_Menejmenti\Saavadmyofos_Menejmenti.csproj", "{8F5F1098-FA9E-438E-959A-E39742DE4FD1}"
EndProject
Global
	GlobalSection(SolutionConfigurationPlatforms) = preSolution
		Debug|Any CPU = Debug|Any CPU
		Release|Any CPU = Release|Any CPU
	EndGlobalSection
	GlobalSection(ProjectConfigurationPlatforms) = postSolution
		{8F5F1098-FA9E-438E-959A-E39742DE4FD1}.Debug|Any CPU.ActiveCfg = Debug|Any CPU
		{8F5F1098-FA9E-438E-959A-E39742DE4FD1}.Debug|Any CPU.Build.0 = Debug|Any CPU
		{8F5F1098-FA9E-438E-959A-E39742DE4FD1}.Release|Any CPU.ActiveCfg = Release|Any CPU
		{8F5F1098-FA9E-438E-959A-E39742DE4FD1}.Release|Any CPU.Build.0 = Release|Any CPU
	EndGlobalSection
	GlobalSection(SolutionProperties) = preSolution
		HideSolutionNode = FALSE
	EndGlobalSection
	GlobalSection(ExtensibilityGlobals) = postSolution
		SolutionGuid = {DD295A3D-805F-4210-9429-AFC2FA5815D1}
	EndGlobalSection
EndGlobal
